Microsoft Visual Studio Solution File, Format Version 12.00
# Visual Studio Version 17
VisualStudioVersion = 17.1.31903.286
MinimumVisualStudioVersion = 10.0.40219.1
Project("{2150E333-8FDC-42A3-9474-1A3956D46DE8}") = "Sample", "Sample", "{2A09E240-E14C-45D9-8BE7-86EC6A5007DE}"
EndProject
Project("{2150E333-8FDC-42A3-9474-1A3956D46DE8}") = "Tests", "Tests", "{3CDAB3BD-D9EA-4BCD-8FA8-C103F2136337}"
EndProject
Project("{9A19103F-16F7-4668-BE54-9A1E7A4F7556}") = "AsyncAwaitBestPractices.UnitTests", "src\AsyncAwaitBestPractices.UnitTests\AsyncAwaitBestPractices.UnitTests.csproj", "{D741AD98-D92C-4A4A-94D7-0E4F55C7CAA1}"
EndProject
Project("{9A19103F-16F7-4668-BE54-9A1E7A4F7556}") = "AsyncAwaitBestPractices", "src\AsyncAwaitBestPractices\AsyncAwaitBestPractices.csproj", "{C52330DE-88C6-40A8-AA6E-DA5E7AE35D72}"
EndProject
Project("{9A19103F-16F7-4668-BE54-9A1E7A4F7556}") = "AsyncAwaitBestPractices.MVVM", "src\AsyncAwaitBestPractices.MVVM\AsyncAwaitBestPractices.MVVM.csproj", "{7E7B9DEC-FDA8-43F9-9303-DA9FC27A9B15}"
EndProject
Project("{2150E333-8FDC-42A3-9474-1A3956D46DE8}") = "Solution Items", "Solution Items", "{D59772E1-5AE1-4B9C-B193-AEB40CD697E3}"
	ProjectSection(SolutionItems) = preProject
		.editorconfig = .editorconfig
		Directory.Build.props = Directory.Build.props
		global.json = global.json
		Directory.Build.targets = Directory.Build.targets
	EndProjectSection
EndProject
Project("{FAE04EC0-301F-11D3-BF4B-00C04F79EFBC}") = "HackerNews", "sample\HackerNews.csproj", "{FCD28BE8-BFDF-4316-9C21-64CD8A00B9A5}"
EndProject
Global
	GlobalSection(SolutionConfigurationPlatforms) = preSolution
		Debug|Any CPU = Debug|Any CPU
		Debug|iPhone = Debug|iPhone
		Debug|iPhoneSimulator = Debug|iPhoneSimulator
		Release|Any CPU = Release|Any CPU
		Release|iPhone = Release|iPhone
		Release|iPhoneSimulator = Release|iPhoneSimulator
	EndGlobalSection
	GlobalSection(ProjectConfigurationPlatforms) = postSolution
		{D741AD98-D92C-4A4A-94D7-0E4F55C7CAA1}.Debug|Any CPU.ActiveCfg = Debug|Any CPU
		{D741AD98-D92C-4A4A-94D7-0E4F55C7CAA1}.Debug|Any CPU.Build.0 = Debug|Any CPU
		{D741AD98-D92C-4A4A-94D7-0E4F55C7CAA1}.Debug|iPhone.ActiveCfg = Debug|Any CPU
		{D741AD98-D92C-4A4A-94D7-0E4F55C7CAA1}.Debug|iPhone.Build.0 = Debug|Any CPU
		{D741AD98-D92C-4A4A-94D7-0E4F55C7CAA1}.Debug|iPhoneSimulator.ActiveCfg = Debug|Any CPU
		{D741AD98-D92C-4A4A-94D7-0E4F55C7CAA1}.Debug|iPhoneSimulator.Build.0 = Debug|Any CPU
		{D741AD98-D92C-4A4A-94D7-0E4F55C7CAA1}.Release|Any CPU.ActiveCfg = Release|Any CPU
		{D741AD98-D92C-4A4A-94D7-0E4F55C7CAA1}.Release|Any CPU.Build.0 = Release|Any CPU
		{D741AD98-D92C-4A4A-94D7-0E4F55C7CAA1}.Release|iPhone.ActiveCfg = Release|Any CPU
		{D741AD98-D92C-4A4A-94D7-0E4F55C7CAA1}.Release|iPhone.Build.0 = Release|Any CPU
		{D741AD98-D92C-4A4A-94D7-0E4F55C7CAA1}.Release|iPhoneSimulator.ActiveCfg = Release|Any CPU
		{D741AD98-D92C-4A4A-94D7-0E4F55C7CAA1}.Release|iPhoneSimulator.Build.0 = Release|Any CPU
		{C52330DE-88C6-40A8-AA6E-DA5E7AE35D72}.Debug|Any CPU.ActiveCfg = Debug|Any CPU
		{C52330DE-88C6-40A8-AA6E-DA5E7AE35D72}.Debug|Any CPU.Build.0 = Debug|Any CPU
		{C52330DE-88C6-40A8-AA6E-DA5E7AE35D72}.Debug|iPhone.ActiveCfg = Debug|Any CPU
		{C52330DE-88C6-40A8-AA6E-DA5E7AE35D72}.Debug|iPhone.Build.0 = Debug|Any CPU
		{C52330DE-88C6-40A8-AA6E-DA5E7AE35D72}.Debug|iPhoneSimulator.ActiveCfg = Debug|Any CPU
		{C52330DE-88C6-40A8-AA6E-DA5E7AE35D72}.Debug|iPhoneSimulator.Build.0 = Debug|Any CPU
		{C52330DE-88C6-40A8-AA6E-DA5E7AE35D72}.Release|Any CPU.ActiveCfg = Release|Any CPU
		{C52330DE-88C6-40A8-AA6E-DA5E7AE35D72}.Release|Any CPU.Build.0 = Release|Any CPU
		{C52330DE-88C6-40A8-AA6E-DA5E7AE35D72}.Release|iPhone.ActiveCfg = Release|Any CPU
		{C52330DE-88C6-40A8-AA6E-DA5E7AE35D72}.Release|iPhone.Build.0 = Release|Any CPU
		{C52330DE-88C6-40A8-AA6E-DA5E7AE35D72}.Release|iPhoneSimulator.ActiveCfg = Release|Any CPU
		{C52330DE-88C6-40A8-AA6E-DA5E7AE35D72}.Release|iPhoneSimulator.Build.0 = Release|Any CPU
		{7E7B9DEC-FDA8-43F9-9303-DA9FC27A9B15}.Debug|Any CPU.ActiveCfg = Debug|Any CPU
		{7E7B9DEC-FDA8-43F9-9303-DA9FC27A9B15}.Debug|Any CPU.Build.0 = Debug|Any CPU
		{7E7B9DEC-FDA8-43F9-9303-DA9FC27A9B15}.Debug|iPhone.ActiveCfg = Debug|Any CPU
		{7E7B9DEC-FDA8-43F9-9303-DA9FC27A9B15}.Debug|iPhone.Build.0 = Debug|Any CPU
		{7E7B9DEC-FDA8-43F9-9303-DA9FC27A9B15}.Debug|iPhoneSimulator.ActiveCfg = Debug|Any CPU
		{7E7B9DEC-FDA8-43F9-9303-DA9FC27A9B15}.Debug|iPhoneSimulator.Build.0 = Debug|Any CPU
		{7E7B9DEC-FDA8-43F9-9303-DA9FC27A9B15}.Release|Any CPU.ActiveCfg = Release|Any CPU
		{7E7B9DEC-FDA8-43F9-9303-DA9FC27A9B15}.Release|Any CPU.Build.0 = Release|Any CPU
		{7E7B9DEC-FDA8-43F9-9303-DA9FC27A9B15}.Release|iPhone.ActiveCfg = Release|Any CPU
		{7E7B9DEC-FDA8-43F9-9303-DA9FC27A9B15}.Release|iPhone.Build.0 = Release|Any CPU
		{7E7B9DEC-FDA8-43F9-9303-DA9FC27A9B15}.Release|iPhoneSimulator.ActiveCfg = Release|Any CPU
		{7E7B9DEC-FDA8-43F9-9303-DA9FC27A9B15}.Release|iPhoneSimulator.Build.0 = Release|Any CPU
		{FCD28BE8-BFDF-4316-9C21-64CD8A00B9A5}.Debug|Any CPU.ActiveCfg = Debug|Any CPU
		{FCD28BE8-BFDF-4316-9C21-64CD8A00B9A5}.Debug|Any CPU.Build.0 = Debug|Any CPU
		{FCD28BE8-BFDF-4316-9C21-64CD8A00B9A5}.Debug|iPhone.ActiveCfg = Debug|Any CPU
		{FCD28BE8-BFDF-4316-9C21-64CD8A00B9A5}.Debug|iPhone.Build.0 = Debug|Any CPU
		{FCD28BE8-BFDF-4316-9C21-64CD8A00B9A5}.Debug|iPhoneSimulator.ActiveCfg = Debug|Any CPU
		{FCD28BE8-BFDF-4316-9C21-64CD8A00B9A5}.Debug|iPhoneSimulator.Build.0 = Debug|Any CPU
		{FCD28BE8-BFDF-4316-9C21-64CD8A00B9A5}.Release|Any CPU.ActiveCfg = Release|Any CPU
		{FCD28BE8-BFDF-4316-9C21-64CD8A00B9A5}.Release|Any CPU.Build.0 = Release|Any CPU
		{FCD28BE8-BFDF-4316-9C21-64CD8A00B9A5}.Release|iPhone.ActiveCfg = Release|Any CPU
		{FCD28BE8-BFDF-4316-9C21-64CD8A00B9A5}.Release|iPhone.Build.0 = Release|Any CPU
		{FCD28BE8-BFDF-4316-9C21-64CD8A00B9A5}.Release|iPhoneSimulator.ActiveCfg = Release|Any CPU
		{FCD28BE8-BFDF-4316-9C21-64CD8A00B9A5}.Release|iPhoneSimulator.Build.0 = Release|Any CPU
	EndGlobalSection
	GlobalSection(SolutionProperties) = preSolution
		HideSolutionNode = FALSE
	EndGlobalSection
	GlobalSection(NestedProjects) = preSolution
		{D741AD98-D92C-4A4A-94D7-0E4F55C7CAA1} = {3CDAB3BD-D9EA-4BCD-8FA8-C103F2136337}
		{FCD28BE8-BFDF-4316-9C21-64CD8A00B9A5} = {2A09E240-E14C-45D9-8BE7-86EC6A5007DE}
	EndGlobalSection
	GlobalSection(ExtensibilityGlobals) = postSolution
		SolutionGuid = {BBC2B0A7-879B-4A66-8228-3E897F3BA5DA}
	EndGlobalSection
	GlobalSection(SharedMSBuildProjectFiles) = preSolution
		sample\HackerNews.Shared\HackerNews.Shared.projitems*{8551b218-5734-4f5c-9d35-25db859ccfde}*SharedItemsImports = 13
		sample\HackerNews.Shared\HackerNews.Shared.projitems*{c3d6de1f-ed08-4ca0-a092-56785bb3cb4d}*SharedItemsImports = 5
		sample\HackerNews.Shared\HackerNews.Shared.projitems*{cca4bf8b-7b64-4f7b-9c3a-ae498a65fd43}*SharedItemsImports = 4
	EndGlobalSection
EndGlobal
