
Microsoft Visual Studio Solution File, Format Version 12.00
# Visual Studio 2012
Project("{FAE04EC0-301F-11D3-BF4B-00C04F79EFBC}") = "TwitterSearch.iOS", "iOS\TwitterSearch.iOS.csproj", "{3D955BC3-A36B-4CF4-A0D9-141E85529B17}"
EndProject
Project("{FAE04EC0-301F-11D3-BF4B-00C04F79EFBC}") = "TwitterSearch.Droid", "Droid\TwitterSearch.Droid.csproj", "{7ADE9EE5-AF7A-4BC6-89DE-09CC2057D5B6}"
EndProject
Project("{FAE04EC0-301F-11D3-BF4B-00C04F79EFBC}") = "TwitterSearch", "TwitterSearch\TwitterSearch.csproj", "{A76EFB87-4F4D-43F7-BBFC-BA2D4E4C9E52}"
EndProject
Global
	GlobalSection(SolutionConfigurationPlatforms) = preSolution
		Debug|iPhoneSimulator = Debug|iPhoneSimulator
		Release|iPhone = Release|iPhone
		Release|iPhoneSimulator = Release|iPhoneSimulator
		Debug|iPhone = Debug|iPhone
		Debug|Any CPU = Debug|Any CPU
		Release|Any CPU = Release|Any CPU
	EndGlobalSection
	GlobalSection(ProjectConfigurationPlatforms) = postSolution
		{3D955BC3-A36B-4CF4-A0D9-141E85529B17}.Debug|iPhoneSimulator.ActiveCfg = Debug|iPhoneSimulator
		{3D955BC3-A36B-4CF4-A0D9-141E85529B17}.Debug|iPhoneSimulator.Build.0 = Debug|iPhoneSimulator
		{3D955BC3-A36B-4CF4-A0D9-141E85529B17}.Release|iPhone.ActiveCfg = Release|iPhone
		{3D955BC3-A36B-4CF4-A0D9-141E85529B17}.Release|iPhone.Build.0 = Release|iPhone
		{3D955BC3-A36B-4CF4-A0D9-141E85529B17}.Release|iPhoneSimulator.ActiveCfg = Release|iPhoneSimulator
		{3D955BC3-A36B-4CF4-A0D9-141E85529B17}.Release|iPhoneSimulator.Build.0 = Release|iPhoneSimulator
		{3D955BC3-A36B-4CF4-A0D9-141E85529B17}.Debug|iPhone.ActiveCfg = Debug|iPhone
		{3D955BC3-A36B-4CF4-A0D9-141E85529B17}.Debug|iPhone.Build.0 = Debug|iPhone
		{3D955BC3-A36B-4CF4-A0D9-141E85529B17}.Debug|Any CPU.ActiveCfg = Debug|iPhoneSimulator
		{3D955BC3-A36B-4CF4-A0D9-141E85529B17}.Debug|Any CPU.Build.0 = Debug|iPhoneSimulator
		{3D955BC3-A36B-4CF4-A0D9-141E85529B17}.Release|Any CPU.ActiveCfg = Release|iPhone
		{3D955BC3-A36B-4CF4-A0D9-141E85529B17}.Release|Any CPU.Build.0 = Release|iPhone
		{7ADE9EE5-AF7A-4BC6-89DE-09CC2057D5B6}.Debug|iPhoneSimulator.ActiveCfg = Debug|Any CPU
		{7ADE9EE5-AF7A-4BC6-89DE-09CC2057D5B6}.Debug|iPhoneSimulator.Build.0 = Debug|Any CPU
		{7ADE9EE5-AF7A-4BC6-89DE-09CC2057D5B6}.Release|iPhone.ActiveCfg = Release|Any CPU
		{7ADE9EE5-AF7A-4BC6-89DE-09CC2057D5B6}.Release|iPhone.Build.0 = Release|Any CPU
		{7ADE9EE5-AF7A-4BC6-89DE-09CC2057D5B6}.Release|iPhoneSimulator.ActiveCfg = Release|Any CPU
		{7ADE9EE5-AF7A-4BC6-89DE-09CC2057D5B6}.Release|iPhoneSimulator.Build.0 = Release|Any CPU
		{7ADE9EE5-AF7A-4BC6-89DE-09CC2057D5B6}.Debug|iPhone.ActiveCfg = Debug|Any CPU
		{7ADE9EE5-AF7A-4BC6-89DE-09CC2057D5B6}.Debug|iPhone.Build.0 = Debug|Any CPU
		{7ADE9EE5-AF7A-4BC6-89DE-09CC2057D5B6}.Debug|Any CPU.ActiveCfg = Debug|Any CPU
		{7ADE9EE5-AF7A-4BC6-89DE-09CC2057D5B6}.Debug|Any CPU.Build.0 = Debug|Any CPU
		{7ADE9EE5-AF7A-4BC6-89DE-09CC2057D5B6}.Release|Any CPU.ActiveCfg = Release|Any CPU
		{7ADE9EE5-AF7A-4BC6-89DE-09CC2057D5B6}.Release|Any CPU.Build.0 = Release|Any CPU
		{A76EFB87-4F4D-43F7-BBFC-BA2D4E4C9E52}.Debug|iPhoneSimulator.ActiveCfg = Debug|Any CPU
		{A76EFB87-4F4D-43F7-BBFC-BA2D4E4C9E52}.Debug|iPhoneSimulator.Build.0 = Debug|Any CPU
		{A76EFB87-4F4D-43F7-BBFC-BA2D4E4C9E52}.Release|iPhone.ActiveCfg = Release|Any CPU
		{A76EFB87-4F4D-43F7-BBFC-BA2D4E4C9E52}.Release|iPhone.Build.0 = Release|Any CPU
		{A76EFB87-4F4D-43F7-BBFC-BA2D4E4C9E52}.Release|iPhoneSimulator.ActiveCfg = Release|Any CPU
		{A76EFB87-4F4D-43F7-BBFC-BA2D4E4C9E52}.Release|iPhoneSimulator.Build.0 = Release|Any CPU
		{A76EFB87-4F4D-43F7-BBFC-BA2D4E4C9E52}.Debug|iPhone.ActiveCfg = Debug|Any CPU
		{A76EFB87-4F4D-43F7-BBFC-BA2D4E4C9E52}.Debug|iPhone.Build.0 = Debug|Any CPU
		{A76EFB87-4F4D-43F7-BBFC-BA2D4E4C9E52}.Debug|Any CPU.ActiveCfg = Debug|Any CPU
		{A76EFB87-4F4D-43F7-BBFC-BA2D4E4C9E52}.Debug|Any CPU.Build.0 = Debug|Any CPU
		{A76EFB87-4F4D-43F7-BBFC-BA2D4E4C9E52}.Release|Any CPU.ActiveCfg = Release|Any CPU
		{A76EFB87-4F4D-43F7-BBFC-BA2D4E4C9E52}.Release|Any CPU.Build.0 = Release|Any CPU
	EndGlobalSection
EndGlobal
